{
  "name": "music player",
  "lockfileVersion": 2,
  "requires": true,
  "packages": {
    "": {
      "dependencies": {
        "wavesurfer.js": "^7.3.2"
      }
    },
    "node_modules/wavesurfer.js": {
      "version": "7.3.2",
      "resolved": "https://registry.npmjs.org/wavesurfer.js/-/wavesurfer.js-7.3.2.tgz",
      "integrity": "sha512-CPi7qC0OcTE6HoQYIzwyWiJSl+Q+pcUa7jZOzlFcGt8kyOEdmPM2uo8IyGRQbJN/jzMdOgJKOwHxQ9akZhdOuw=="
    }
  },
  "dependencies": {
    "wavesurfer.js": {
      "version": "7.3.2",
      "resolved": "https://registry.npmjs.org/wavesurfer.js/-/wavesurfer.js-7.3.2.tgz",
      "integrity": "sha512-CPi7qC0OcTE6HoQYIzwyWiJSl+Q+pcUa7jZOzlFcGt8kyOEdmPM2uo8IyGRQbJN/jzMdOgJKOwHxQ9akZhdOuw=="
    }
  }
}
